// !$*UTF8*$!
{
	archiveVersion = 1;
	classes = {
	};
	objectVersion = 46;
	objects = {

/* Begin PBXBuildFile section */
		345C2AF21B7A5D7E00EF0935 /* AppDelegate.swift in Sources */ = {isa = PBXBuildFile; fileRef = 345C2AF11B7A5D7E00EF0935 /* AppDelegate.swift */; };
		345C2AF41B7A5D7E00EF0935 /* ViewController.swift in Sources */ = {isa = PBXBuildFile; fileRef = 345C2AF31B7A5D7E00EF0935 /* ViewController.swift */; };
		345C2AF71B7A5D7E00EF0935 /* Main.storyboard in Resources */ = {isa = PBXBuildFile; fileRef = 345C2AF51B7A5D7E00EF0935 /* Main.storyboard */; };
		345C2AF91B7A5D7E00EF0935 /* Assets.xcassets in Resources */ = {isa = PBXBuildFile; fileRef = 345C2AF81B7A5D7E00EF0935 /* Assets.xcassets */; };
		345C2AFC1B7A5D7E00EF0935 /* LaunchScreen.storyboard in Resources */ = {isa = PBXBuildFile; fileRef = 345C2AFA1B7A5D7E00EF0935 /* LaunchScreen.storyboard */; };
		345C2B071B7A5D7E00EF0935 /* TextValidationTests.swift in Sources */ = {isa = PBXBuildFile; fileRef = 345C2B061B7A5D7E00EF0935 /* TextValidationTests.swift */; };
		345C2B121B7A5D7E00EF0935 /* TextValidationUITests.swift in Sources */ = {isa = PBXBuildFile; fileRef = 345C2B111B7A5D7E00EF0935 /* TextValidationUITests.swift */; };
		345C2B201B7A5EC600EF0935 /* TextValidation.swift in Sources */ = {isa = PBXBuildFile; fileRef = 345C2B1F1B7A5EC600EF0935 /* TextValidation.swift */; };
/* End PBXBuildFile section */

/* Begin PBXContainerItemProxy section */
		345C2B031B7A5D7E00EF0935 /* PBXContainerItemProxy */ = {
			isa = PBXContainerItemProxy;
			containerPortal = 345C2AE61B7A5D7E00EF0935 /* Project object */;
			proxyType = 1;
			remoteGlobalIDString = 345C2AED1B7A5D7E00EF0935;
			remoteInfo = TextValidation;
		};
		345C2B0E1B7A5D7E00EF0935 /* PBXContainerItemProxy */ = {
			isa = PBXContainerItemProxy;
			containerPortal = 345C2AE61B7A5D7E00EF0935 /* Project object */;
			proxyType = 1;
			remoteGlobalIDString = 345C2AED1B7A5D7E00EF0935;
			remoteInfo = TextValidation;
		};
/* End PBXContainerItemProxy section */

/* Begin PBXFileReference section */
		345C2AEE1B7A5D7E00EF0935 /* TextValidation.app */ = {isa = PBXFileReference; explicitFileType = wrapper.application; includeInIndex = 0; path = TextValidation.app; sourceTree = BUILT_PRODUCTS_DIR; };
		345C2AF11B7A5D7E00EF0935 /* AppDelegate.swift */ = {isa = PBXFileReference; lastKnownFileType = sourcecode.swift; path = AppDelegate.swift; sourceTree = "<group>"; };
		345C2AF31B7A5D7E00EF0935 /* ViewController.swift */ = {isa = PBXFileReference; lastKnownFileType = sourcecode.swift; path = ViewController.swift; sourceTree = "<group>"; };
		345C2AF61B7A5D7E00EF0935 /* Base */ = {isa = PBXFileReference; lastKnownFileType = file.storyboard; name = Base; path = Base.lproj/Main.storyboard; sourceTree = "<group>"; };
		345C2AF81B7A5D7E00EF0935 /* Assets.xcassets */ = {isa = PBXFileReference; lastKnownFileType = folder.assetcatalog; path = Assets.xcassets; sourceTree = "<group>"; };
		345C2AFB1B7A5D7E00EF0935 /* Base */ = {isa = PBXFileReference; lastKnownFileType = file.storyboard; name = Base; path = Base.lproj/LaunchScreen.storyboard; sourceTree = "<group>"; };
		345C2AFD1B7A5D7E00EF0935 /* Info.plist */ = {isa = PBXFileReference; lastKnownFileType = text.plist.xml; path = Info.plist; sourceTree = "<group>"; };
		345C2B021B7A5D7E00EF0935 /* TextValidationTests.xctest */ = {isa = PBXFileReference; explicitFileType = wrapper.cfbundle; includeInIndex = 0; path = TextValidationTests.xctest; sourceTree = BUILT_PRODUCTS_DIR; };
		345C2B061B7A5D7E00EF0935 /* TextValidationTests.swift */ = {isa = PBXFileReference; lastKnownFileType = sourcecode.swift; path = TextValidationTests.swift; sourceTree = "<group>"; };
		345C2B081B7A5D7E00EF0935 /* Info.plist */ = {isa = PBXFileReference; lastKnownFileType = text.plist.xml; path = Info.plist; sourceTree = "<group>"; };
		345C2B0D1B7A5D7E00EF0935 /* TextValidationUITests.xctest */ = {isa = PBXFileReference; explicitFileType = wrapper.cfbundle; includeInIndex = 0; path = TextValidationUITests.xctest; sourceTree = BUILT_PRODUCTS_DIR; };
		345C2B111B7A5D7E00EF0935 /* TextValidationUITests.swift */ = {isa = PBXFileReference; lastKnownFileType = sourcecode.swift; path = TextValidationUITests.swift; sourceTree = "<group>"; };
		345C2B131B7A5D7E00EF0935 /* Info.plist */ = {isa = PBXFileReference; lastKnownFileType = text.plist.xml; path = Info.plist; sourceTree = "<group>"; };
		345C2B1F1B7A5EC600EF0935 /* TextValidation.swift */ = {isa = PBXFileReference; fileEncoding = 4; lastKnownFileType = sourcecode.swift; path = TextValidation.swift; sourceTree = "<group>"; };
/* End PBXFileReference section */

/* Begin PBXFrameworksBuildPhase section */
		345C2AEB1B7A5D7E00EF0935 /* Frameworks */ = {
			isa = PBXFrameworksBuildPhase;
			buildActionMask = 2147483647;
			files = (
			);
			runOnlyForDeploymentPostprocessing = 0;
		};
		345C2AFF1B7A5D7E00EF0935 /* Frameworks */ = {
			isa = PBXFrameworksBuildPhase;
			buildActionMask = 2147483647;
			files = (
			);
			runOnlyForDeploymentPostprocessing = 0;
		};
		345C2B0A1B7A5D7E00EF0935 /* Frameworks */ = {
			isa = PBXFrameworksBuildPhase;
			buildActionMask = 2147483647;
			files = (
			);
			runOnlyForDeploymentPostprocessing = 0;
		};
/* End PBXFrameworksBuildPhase section */

/* Begin PBXGroup section */
		345C2AE51B7A5D7E00EF0935 = {
			isa = PBXGroup;
			children = (
				345C2AF01B7A5D7E00EF0935 /* TextValidation */,
				345C2B051B7A5D7E00EF0935 /* TextValidationTests */,
				345C2B101B7A5D7E00EF0935 /* TextValidationUITests */,
				345C2AEF1B7A5D7E00EF0935 /* Products */,
			);
			sourceTree = "<group>";
		};
		345C2AEF1B7A5D7E00EF0935 /* Products */ = {
			isa = PBXGroup;
			children = (
				345C2AEE1B7A5D7E00EF0935 /* TextValidation.app */,
				345C2B021B7A5D7E00EF0935 /* TextValidationTests.xctest */,
				345C2B0D1B7A5D7E00EF0935 /* TextValidationUITests.xctest */,
			);
			name = Products;
			sourceTree = "<group>";
		};
		345C2AF01B7A5D7E00EF0935 /* TextValidation */ = {
			isa = PBXGroup;
			children = (
				345C2AF11B7A5D7E00EF0935 /* AppDelegate.swift */,
				345C2AF31B7A5D7E00EF0935 /* ViewController.swift */,
				345C2AF51B7A5D7E00EF0935 /* Main.storyboard */,
				345C2AF81B7A5D7E00EF0935 /* Assets.xcassets */,
				345C2AFA1B7A5D7E00EF0935 /* LaunchScreen.storyboard */,
				345C2AFD1B7A5D7E00EF0935 /* Info.plist */,
				345C2B1F1B7A5EC600EF0935 /* TextValidation.swift */,
			);
			path = TextValidation;
			sourceTree = "<group>";
		};
		345C2B051B7A5D7E00EF0935 /* TextValidationTests */ = {
			isa = PBXGroup;
			children = (
				345C2B061B7A5D7E00EF0935 /* TextValidationTests.swift */,
				345C2B081B7A5D7E00EF0935 /* Info.plist */,
			);
			path = TextValidationTests;
			sourceTree = "<group>";
		};
		345C2B101B7A5D7E00EF0935 /* TextValidationUITests */ = {
			isa = PBXGroup;
			children = (
				345C2B111B7A5D7E00EF0935 /* TextValidationUITests.swift */,
				345C2B131B7A5D7E00EF0935 /* Info.plist */,
			);
			path = TextValidationUITests;
			sourceTree = "<group>";
		};
/* End PBXGroup section */

/* Begin PBXNativeTarget section */
		345C2AED1B7A5D7E00EF0935 /* TextValidation */ = {
			isa = PBXNativeTarget;
			buildConfigurationList = 345C2B161B7A5D7E00EF0935 /* Build configuration list for PBXNativeTarget "TextValidation" */;
			buildPhases = (
				345C2AEA1B7A5D7E00EF0935 /* Sources */,
				345C2AEB1B7A5D7E00EF0935 /* Frameworks */,
				345C2AEC1B7A5D7E00EF0935 /* Resources */,
			);
			buildRules = (
			);
			dependencies = (
			);
			name = TextValidation;
			productName = TextValidation;
			productReference = 345C2AEE1B7A5D7E00EF0935 /* TextValidation.app */;
			productType = "com.apple.product-type.application";
		};
		345C2B011B7A5D7E00EF0935 /* TextValidationTests */ = {
			isa = PBXNativeTarget;
			buildConfigurationList = 345C2B191B7A5D7E00EF0935 /* Build configuration list for PBXNativeTarget "TextValidationTests" */;
			buildPhases = (
				345C2AFE1B7A5D7E00EF0935 /* Sources */,
				345C2AFF1B7A5D7E00EF0935 /* Frameworks */,
				345C2B001B7A5D7E00EF0935 /* Resources */,
			);
			buildRules = (
			);
			dependencies = (
				345C2B041B7A5D7E00EF0935 /* PBXTargetDependency */,
			);
			name = TextValidationTests;
			productName = TextValidationTests;
			productReference = 345C2B021B7A5D7E00EF0935 /* TextValidationTests.xctest */;
			productType = "com.apple.product-type.bundle.unit-test";
		};
		345C2B0C1B7A5D7E00EF0935 /* TextValidationUITests */ = {
			isa = PBXNativeTarget;
			buildConfigurationList = 345C2B1C1B7A5D7E00EF0935 /* Build configuration list for PBXNativeTarget "TextValidationUITests" */;
			buildPhases = (
				345C2B091B7A5D7E00EF0935 /* Sources */,
				345C2B0A1B7A5D7E00EF0935 /* Frameworks */,
				345C2B0B1B7A5D7E00EF0935 /* Resources */,
			);
			buildRules = (
			);
			dependencies = (
				345C2B0F1B7A5D7E00EF0935 /* PBXTargetDependency */,
			);
			name = TextValidationUITests;
			productName = TextValidationUITests;
			productReference = 345C2B0D1B7A5D7E00EF0935 /* TextValidationUITests.xctest */;
			productType = "com.apple.product-type.bundle.ui-testing";
		};
/* End PBXNativeTarget section */

/* Begin PBXProject section */
		345C2AE61B7A5D7E00EF0935 /* Project object */ = {
			isa = PBXProject;
			attributes = {
				LastUpgradeCheck = 0700;
				ORGANIZATIONNAME = "Jon Hoffman";
				TargetAttributes = {
					345C2AED1B7A5D7E00EF0935 = {
						CreatedOnToolsVersion = 7.0;
						LastSwiftMigration = 0800;
					};
					345C2B011B7A5D7E00EF0935 = {
						CreatedOnToolsVersion = 7.0;
						LastSwiftMigration = 0800;
						TestTargetID = 345C2AED1B7A5D7E00EF0935;
					};
					345C2B0C1B7A5D7E00EF0935 = {
						CreatedOnToolsVersion = 7.0;
						LastSwiftMigration = 0800;
						TestTargetID = 345C2AED1B7A5D7E00EF0935;
					};
				};
			};
			buildConfigurationList = 345C2AE91B7A5D7E00EF0935 /* Build configuration list for PBXProject "TextValidation" */;
			compatibilityVersion = "Xcode 3.2";
			developmentRegion = English;
			hasScannedForEncodings = 0;
			knownRegions = (
				en,
				Base,
			);
			mainGroup = 345C2AE51B7A5D7E00EF0935;
			productRefGroup = 345C2AEF1B7A5D7E00EF0935 /* Products */;
			projectDirPath = "";
			projectRoot = "";
			targets = (
				345C2AED1B7A5D7E00EF0935 /* TextValidation */,
				345C2B011B7A5D7E00EF0935 /* TextValidationTests */,
				345C2B0C1B7A5D7E00EF0935 /* TextValidationUITests */,
			);
		};
/* End PBXProject section */

/* Begin PBXResourcesBuildPhase section */
		345C2AEC1B7A5D7E00EF0935 /* Resources */ = {
			isa = PBXResourcesBuildPhase;
			buildActionMask = 2147483647;
			files = (
				345C2AFC1B7A5D7E00EF0935 /* LaunchScreen.storyboard in Resources */,
				345C2AF91B7A5D7E00EF0935 /* Assets.xcassets in Resources */,
				345C2AF71B7A5D7E00EF0935 /* Main.storyboard in Resources */,
			);
			runOnlyForDeploymentPostprocessing = 0;
		};
		345C2B001B7A5D7E00EF0935 /* Resources */ = {
			isa = PBXResourcesBuildPhase;
			buildActionMask = 2147483647;
			files = (
			);
			runOnlyForDeploymentPostprocessing = 0;
		};
		345C2B0B1B7A5D7E00EF0935 /* Resources */ = {
			isa = PBXResourcesBuildPhase;
			buildActionMask = 2147483647;
			files = (
			);
			runOnlyForDeploymentPostprocessing = 0;
		};
/* End PBXResourcesBuildPhase section */

/* Begin PBXSourcesBuildPhase section */
		345C2AEA1B7A5D7E00EF0935 /* Sources */ = {
			isa = PBXSourcesBuildPhase;
			buildActionMask = 2147483647;
			files = (
				345C2B201B7A5EC600EF0935 /* TextValidation.swift in Sources */,
				345C2AF41B7A5D7E00EF0935 /* ViewController.swift in Sources */,
				345C2AF21B7A5D7E00EF0935 /* AppDelegate.swift in Sources */,
			);
			runOnlyForDeploymentPostprocessing = 0;
		};
		345C2AFE1B7A5D7E00EF0935 /* Sources */ = {
			isa = PBXSourcesBuildPhase;
			buildActionMask = 2147483647;
			files = (
				345C2B071B7A5D7E00EF0935 /* TextValidationTests.swift in Sources */,
			);
			runOnlyForDeploymentPostprocessing = 0;
		};
		345C2B091B7A5D7E00EF0935 /* Sources */ = {
			isa = PBXSourcesBuildPhase;
			buildActionMask = 2147483647;
			files = (
				345C2B121B7A5D7E00EF0935 /* TextValidationUITests.swift in Sources */,
			);
			runOnlyForDeploymentPostprocessing = 0;
		};
/* End PBXSourcesBuildPhase section */

/* Begin PBXTargetDependency section */
		345C2B041B7A5D7E00EF0935 /* PBXTargetDependency */ = {
			isa = PBXTargetDependency;
			target = 345C2AED1B7A5D7E00EF0935 /* TextValidation */;
			targetProxy = 345C2B031B7A5D7E00EF0935 /* PBXContainerItemProxy */;
		};
		345C2B0F1B7A5D7E00EF0935 /* PBXTargetDependency */ = {
			isa = PBXTargetDependency;
			target = 345C2AED1B7A5D7E00EF0935 /* TextValidation */;
			targetProxy = 345C2B0E1B7A5D7E00EF0935 /* PBXContainerItemProxy */;
		};
/* End PBXTargetDependency section */

/* Begin PBXVariantGroup section */
		345C2AF51B7A5D7E00EF0935 /* Main.storyboard */ = {
			isa = PBXVariantGroup;
			children = (
				345C2AF61B7A5D7E00EF0935 /* Base */,
			);
			name = Main.storyboard;
			sourceTree = "<group>";
		};
		345C2AFA1B7A5D7E00EF0935 /* LaunchScreen.storyboard */ = {
			isa = PBXVariantGroup;
			children = (
				345C2AFB1B7A5D7E00EF0935 /* Base */,
			);
			name = LaunchScreen.storyboard;
			sourceTree = "<group>";
		};
/* End PBXVariantGroup section */

/* Begin XCBuildConfiguration section */
		345C2B141B7A5D7E00EF0935 /* Debug */ = {
			isa = XCBuildConfiguration;
			buildSettings = {
				ALWAYS_SEARCH_USER_PATHS = NO;
				CLANG_CXX_LANGUAGE_STANDARD = "gnu++0x";
				CLANG_CXX_LIBRARY = "libc++";
				CLANG_ENABLE_MODULES = YES;
				CLANG_ENABLE_OBJC_ARC = YES;
				CLANG_WARN_BOOL_CONVERSION = YES;
				CLANG_WARN_CONSTANT_CONVERSION = YES;
				CLANG_WARN_DIRECT_OBJC_ISA_USAGE = YES_ERROR;
				CLANG_WARN_EMPTY_BODY = YES;
				CLANG_WARN_ENUM_CONVERSION = YES;
				CLANG_WARN_INT_CONVERSION = YES;
				CLANG_WARN_OBJC_ROOT_CLASS = YES_ERROR;
				CLANG_WARN_UNREACHABLE_CODE = YES;
				CLANG_WARN__DUPLICATE_METHOD_MATCH = YES;
				"CODE_SIGN_IDENTITY[sdk=iphoneos*]" = "iPhone Developer";
				COPY_PHASE_STRIP = NO;
				DEBUG_INFORMATION_FORMAT = dwarf;
				ENABLE_STRICT_OBJC_MSGSEND = YES;
				ENABLE_TESTABILITY = YES;
				GCC_C_LANGUAGE_STANDARD = gnu99;
				GCC_DYNAMIC_NO_PIC = NO;
				GCC_NO_COMMON_BLOCKS = YES;
				GCC_OPTIMIZATION_LEVEL = 0;
				GCC_PREPROCESSOR_DEFINITIONS = (
					"DEBUG=1",
					"$(inherited)",
				);
				GCC_WARN_64_TO_32_BIT_CONVERSION = YES;
				GCC_WARN_ABOUT_RETURN_TYPE = YES_ERROR;
				GCC_WARN_UNDECLARED_SELECTOR = YES;
				GCC_WARN_UNINITIALIZED_AUTOS = YES_AGGRESSIVE;
				GCC_WARN_UNUSED_FUNCTION = YES;
				GCC_WARN_UNUSED_VARIABLE = YES;
				IPHONEOS_DEPLOYMENT_TARGET = 9.0;
				MTL_ENABLE_DEBUG_INFO = YES;
				ONLY_ACTIVE_ARCH = YES;
				SDKROOT = iphoneos;
				SWIFT_OPTIMIZATION_LEVEL = "-Onone";
				TARGETED_DEVICE_FAMILY = "1,2";
			};
			name = Debug;
		};
		345C2B151B7A5D7E00EF0935 /* Release */ = {
			isa = XCBuildConfiguration;
			buildSettings = {
				ALWAYS_SEARCH_USER_PATHS = NO;
				CLANG_CXX_LANGUAGE_STANDARD = "gnu++0x";
				CLANG_CXX_LIBRARY = "libc++";
				CLANG_ENABLE_MODULES = YES;
				CLANG_ENABLE_OBJC_ARC = YES;
				CLANG_WARN_BOOL_CONVERSION = YES;
				CLANG_WARN_CONSTANT_CONVERSION = YES;
				CLANG_WARN_DIRECT_OBJC_ISA_USAGE = YES_ERROR;
				CLANG_WARN_EMPTY_BODY = YES;
				CLANG_WARN_ENUM_CONVERSION = YES;
				CLANG_WARN_INT_CONVERSION = YES;
				CLANG_WARN_OBJC_ROOT_CLASS = YES_ERROR;
				CLANG_WARN_UNREACHABLE_CODE = YES;
				CLANG_WARN__DUPLICATE_METHOD_MATCH = YES;
				"CODE_SIGN_IDENTITY[sdk=iphoneos*]" = "iPhone Developer";
				COPY_PHASE_STRIP = NO;
				DEBUG_INFORMATION_FORMAT = "dwarf-with-dsym";
				ENABLE_NS_ASSERTIONS = NO;
				ENABLE_STRICT_OBJC_MSGSEND = YES;
				GCC_C_LANGUAGE_STANDARD = gnu99;
				GCC_NO_COMMON_BLOCKS = YES;
				GCC_WARN_64_TO_32_BIT_CONVERSION = YES;
				GCC_WARN_ABOUT_RETURN_TYPE = YES_ERROR;
				GCC_WARN_UNDECLARED_SELECTOR = YES;
				GCC_WARN_UNINITIALIZED_AUTOS = YES_AGGRESSIVE;
				GCC_WARN_UNUSED_FUNCTION = YES;
				GCC_WARN_UNUSED_VARIABLE = YES;
				IPHONEOS_DEPLOYMENT_TARGET = 9.0;
				MTL_ENABLE_DEBUG_INFO = NO;
				SDKROOT = iphoneos;
				TARGETED_DEVICE_FAMILY = "1,2";
				VALIDATE_PRODUCT = YES;
			};
			name = Release;
		};
		345C2B171B7A5D7E00EF0935 /* Debug */ = {
			isa = XCBuildConfiguration;
			buildSettings = {
				ASSETCATALOG_COMPILER_APPICON_NAME = AppIcon;
				INFOPLIST_FILE = TextValidation/Info.plist;
				LD_RUNPATH_SEARCH_PATHS = "$(inherited) @executable_path/Frameworks";
				PRODUCT_BUNDLE_IDENTIFIER = hoffman.jon.TextValidation;
				PRODUCT_NAME = "$(TARGET_NAME)";
				SWIFT_VERSION = 3.0;
			};
			name = Debug;
		};
		345C2B181B7A5D7E00EF0935 /* Release */ = {
			isa = XCBuildConfiguration;
			buildSettings = {
				ASSETCATALOG_COMPILER_APPICON_NAME = AppIcon;
				INFOPLIST_FILE = TextValidation/Info.plist;
				LD_RUNPATH_SEARCH_PATHS = "$(inherited) @executable_path/Frameworks";
				PRODUCT_BUNDLE_IDENTIFIER = hoffman.jon.TextValidation;
				PRODUCT_NAME = "$(TARGET_NAME)";
				SWIFT_VERSION = 3.0;
			};
			name = Release;
		};
		345C2B1A1B7A5D7E00EF0935 /* Debug */ = {
			isa = XCBuildConfiguration;
			buildSettings = {
				BUNDLE_LOADER = "$(TEST_HOST)";
				INFOPLIST_FILE = TextValidationTests/Info.plist;
				LD_RUNPATH_SEARCH_PATHS = "$(inherited) @executable_path/Frameworks @loader_path/Frameworks";
				PRODUCT_BUNDLE_IDENTIFIER = hoffman.jon.TextValidationTests;
				PRODUCT_NAME = "$(TARGET_NAME)";
				SWIFT_VERSION = 3.0;
				TEST_HOST = "$(BUILT_PRODUCTS_DIR)/TextValidation.app/TextValidation";
			};
			name = Debug;
		};
		345C2B1B1B7A5D7E00EF0935 /* Release */ = {
			isa = XCBuildConfiguration;
			buildSettings = {
				BUNDLE_LOADER = "$(TEST_HOST)";
				INFOPLIST_FILE = TextValidationTests/Info.plist;
				LD_RUNPATH_SEARCH_PATHS = "$(inherited) @executable_path/Frameworks @loader_path/Frameworks";
				PRODUCT_BUNDLE_IDENTIFIER = hoffman.jon.TextValidationTests;
				PRODUCT_NAME = "$(TARGET_NAME)";
				SWIFT_VERSION = 3.0;
				TEST_HOST = "$(BUILT_PRODUCTS_DIR)/TextValidation.app/TextValidation";
			};
			name = Release;
		};
		345C2B1D1B7A5D7E00EF0935 /* Debug */ = {
			isa = XCBuildConfiguration;
			buildSettings = {
				INFOPLIST_FILE = TextValidationUITests/Info.plist;
				LD_RUNPATH_SEARCH_PATHS = "$(inherited) @executable_path/Frameworks @loader_path/Frameworks";
				PRODUCT_BUNDLE_IDENTIFIER = hoffman.jon.TextValidationUITests;
				PRODUCT_NAME = "$(TARGET_NAME)";
				SWIFT_VERSION = 3.0;
				TEST_TARGET_NAME = TextValidation;
				USES_XCTRUNNER = YES;
			};
			name = Debug;
		};
		345C2B1E1B7A5D7E00EF0935 /* Release */ = {
			isa = XCBuildConfiguration;
			buildSettings = {
				INFOPLIST_FILE = TextValidationUITests/Info.plist;
				LD_RUNPATH_SEARCH_PATHS = "$(inherited) @executable_path/Frameworks @loader_path/Frameworks";
				PRODUCT_BUNDLE_IDENTIFIER = hoffman.jon.TextValidationUITests;
				PRODUCT_NAME = "$(TARGET_NAME)";
				SWIFT_VERSION = 3.0;
				TEST_TARGET_NAME = TextValidation;
				USES_XCTRUNNER = YES;
			};
			name = Release;
		};
/* End XCBuildConfiguration section */

/* Begin XCConfigurationList section */
		345C2AE91B7A5D7E00EF0935 /* Build configuration list for PBXProject "TextValidation" */ = {
			isa = XCConfigurationList;
			buildConfigurations = (
				345C2B141B7A5D7E00EF0935 /* Debug */,
				345C2B151B7A5D7E00EF0935 /* Release */,
			);
			defaultConfigurationIsVisible = 0;
			defaultConfigurationName = Release;
		};
		345C2B161B7A5D7E00EF0935 /* Build configuration list for PBXNativeTarget "TextValidation" */ = {
			isa = XCConfigurationList;
			buildConfigurations = (
				345C2B171B7A5D7E00EF0935 /* Debug */,
				345C2B181B7A5D7E00EF0935 /* Release */,
			);
			defaultConfigurationIsVisible = 0;
			defaultConfigurationName = Release;
		};
		345C2B191B7A5D7E00EF0935 /* Build configuration list for PBXNativeTarget "TextValidationTests" */ = {
			isa = XCConfigurationList;
			buildConfigurations = (
				345C2B1A1B7A5D7E00EF0935 /* Debug */,
				345C2B1B1B7A5D7E00EF0935 /* Release */,
			);
			defaultConfigurationIsVisible = 0;
			defaultConfigurationName = Release;
		};
		345C2B1C1B7A5D7E00EF0935 /* Build configuration list for PBXNativeTarget "TextValidationUITests" */ = {
			isa = XCConfigurationList;
			buildConfigurations = (
				345C2B1D1B7A5D7E00EF0935 /* Debug */,
				345C2B1E1B7A5D7E00EF0935 /* Release */,
			);
			defaultConfigurationIsVisible = 0;
			defaultConfigurationName = Release;
		};
/* End XCConfigurationList section */
	};
	rootObject = 345C2AE61B7A5D7E00EF0935 /* Project object */;
}
